
Microsoft Visual Studio Solution File, Format Version 12.00
# Visual Studio Version 16
VisualStudioVersion = 16.0.29324.140
MinimumVisualStudioVersion = 10.0.40219.1
Project("{2150E333-8FDC-42A3-9474-1A3956D46DE8}") = "Microservices", "Microservices", "{B565564D-EB90-4B53-810E-ADFA07896EA7}"
EndProject
Project("{2150E333-8FDC-42A3-9474-1A3956D46DE8}") = "Domain", "Domain", "{24C5B586-48F8-4E3F-A4DE-71F5D8FB442A}"
EndProject
Project("{2150E333-8FDC-42A3-9474-1A3956D46DE8}") = "Infra.Bus", "Infra.Bus", "{7E7C9614-9C68-4AA3-8640-E4DB549898A2}"
EndProject
Project("{2150E333-8FDC-42A3-9474-1A3956D46DE8}") = "Infra.IoC", "Infra.IoC", "{633CC505-1555-41B3-A0FB-92B217E507A3}"
EndProject
Project("{2150E333-8FDC-42A3-9474-1A3956D46DE8}") = "Presentatoin", "Presentatoin", "{CB3421A1-5CD0-4652-8FEC-BD840D8E43E7}"
EndProject
Project("{FAE04EC0-301F-11D3-BF4B-00C04F79EFBC}") = "MicroRabbit.Domain.Core", "MicroRabbit.Domain.Core\MicroRabbit.Domain.Core.csproj", "{D201D2F3-DCBC-452C-96E3-3B17D1312BEE}"
EndProject
Project("{FAE04EC0-301F-11D3-BF4B-00C04F79EFBC}") = "MicroRabbit.Infra.Bus", "MicroRabbit.Infra.Bus\MicroRabbit.Infra.Bus.csproj", "{60B56A3B-D963-4538-ACE8-456DF3A5977F}"
EndProject
Project("{FAE04EC0-301F-11D3-BF4B-00C04F79EFBC}") = "MicroRabbit.Infra.Ioc", "MicroRabbit.Infra.Ioc\MicroRabbit.Infra.Ioc.csproj", "{12C4FC36-2581-4A37-B020-5723AAD5010F}"
EndProject
Project("{2150E333-8FDC-42A3-9474-1A3956D46DE8}") = "Banking", "Banking", "{725ECD7E-5E80-4A5B-99B0-2DEB109140AE}"
EndProject
Project("{2150E333-8FDC-42A3-9474-1A3956D46DE8}") = "Api", "Api", "{A5E42B97-5198-4E95-B216-995E2C767C03}"
EndProject
Project("{2150E333-8FDC-42A3-9474-1A3956D46DE8}") = "Application", "Application", "{53A7484E-1CC2-448F-B242-E8718FDBB5A7}"
EndProject
Project("{2150E333-8FDC-42A3-9474-1A3956D46DE8}") = "Data", "Data", "{25E418E7-70B7-45B0-BA6D-497A3EC413F7}"
EndProject
Project("{2150E333-8FDC-42A3-9474-1A3956D46DE8}") = "Domain", "Domain", "{8AC30B10-FFFD-49AC-918F-F388662DF336}"
EndProject
Project("{FAE04EC0-301F-11D3-BF4B-00C04F79EFBC}") = "MicroRabbit.Banking.Api", "MicroRabbit.Banking.Api\MicroRabbit.Banking.Api.csproj", "{C75EF1D2-D6C2-4BEE-A1E0-E641FFC30C61}"
EndProject
Project("{FAE04EC0-301F-11D3-BF4B-00C04F79EFBC}") = "MicroRabbit.Banking.Application", "MicroRabbit.Banking.Application\MicroRabbit.Banking.Application.csproj", "{2407C9D0-E948-40F0-8202-1B7C2940FC5A}"
EndProject
Project("{FAE04EC0-301F-11D3-BF4B-00C04F79EFBC}") = "MicroRabbit.Banking.Data", "MicroRabbit.Banking.Data\MicroRabbit.Banking.Data.csproj", "{5FE5505D-94FD-43F9-B701-787304C2F744}"
EndProject
Project("{FAE04EC0-301F-11D3-BF4B-00C04F79EFBC}") = "MicroRabbit.Banking.Domain", "MicroRabbit.Banking.Domain\MicroRabbit.Banking.Domain.csproj", "{AFE3707C-212D-4048-8AFC-0B63D092420B}"
EndProject
Global
	GlobalSection(SolutionConfigurationPlatforms) = preSolution
		Debug|Any CPU = Debug|Any CPU
		Release|Any CPU = Release|Any CPU
	EndGlobalSection
	GlobalSection(ProjectConfigurationPlatforms) = postSolution
		{D201D2F3-DCBC-452C-96E3-3B17D1312BEE}.Debug|Any CPU.ActiveCfg = Debug|Any CPU
		{D201D2F3-DCBC-452C-96E3-3B17D1312BEE}.Debug|Any CPU.Build.0 = Debug|Any CPU
		{D201D2F3-DCBC-452C-96E3-3B17D1312BEE}.Release|Any CPU.ActiveCfg = Release|Any CPU
		{D201D2F3-DCBC-452C-96E3-3B17D1312BEE}.Release|Any CPU.Build.0 = Release|Any CPU
		{60B56A3B-D963-4538-ACE8-456DF3A5977F}.Debug|Any CPU.ActiveCfg = Debug|Any CPU
		{60B56A3B-D963-4538-ACE8-456DF3A5977F}.Debug|Any CPU.Build.0 = Debug|Any CPU
		{60B56A3B-D963-4538-ACE8-456DF3A5977F}.Release|Any CPU.ActiveCfg = Release|Any CPU
		{60B56A3B-D963-4538-ACE8-456DF3A5977F}.Release|Any CPU.Build.0 = Release|Any CPU
		{12C4FC36-2581-4A37-B020-5723AAD5010F}.Debug|Any CPU.ActiveCfg = Debug|Any CPU
		{12C4FC36-2581-4A37-B020-5723AAD5010F}.Debug|Any CPU.Build.0 = Debug|Any CPU
		{12C4FC36-2581-4A37-B020-5723AAD5010F}.Release|Any CPU.ActiveCfg = Release|Any CPU
		{12C4FC36-2581-4A37-B020-5723AAD5010F}.Release|Any CPU.Build.0 = Release|Any CPU
		{C75EF1D2-D6C2-4BEE-A1E0-E641FFC30C61}.Debug|Any CPU.ActiveCfg = Debug|Any CPU
		{C75EF1D2-D6C2-4BEE-A1E0-E641FFC30C61}.Debug|Any CPU.Build.0 = Debug|Any CPU
		{C75EF1D2-D6C2-4BEE-A1E0-E641FFC30C61}.Release|Any CPU.ActiveCfg = Release|Any CPU
		{C75EF1D2-D6C2-4BEE-A1E0-E641FFC30C61}.Release|Any CPU.Build.0 = Release|Any CPU
		{2407C9D0-E948-40F0-8202-1B7C2940FC5A}.Debug|Any CPU.ActiveCfg = Debug|Any CPU
		{2407C9D0-E948-40F0-8202-1B7C2940FC5A}.Debug|Any CPU.Build.0 = Debug|Any CPU
		{2407C9D0-E948-40F0-8202-1B7C2940FC5A}.Release|Any CPU.ActiveCfg = Release|Any CPU
		{2407C9D0-E948-40F0-8202-1B7C2940FC5A}.Release|Any CPU.Build.0 = Release|Any CPU
		{5FE5505D-94FD-43F9-B701-787304C2F744}.Debug|Any CPU.ActiveCfg = Debug|Any CPU
		{5FE5505D-94FD-43F9-B701-787304C2F744}.Debug|Any CPU.Build.0 = Debug|Any CPU
		{5FE5505D-94FD-43F9-B701-787304C2F744}.Release|Any CPU.ActiveCfg = Release|Any CPU
		{5FE5505D-94FD-43F9-B701-787304C2F744}.Release|Any CPU.Build.0 = Release|Any CPU
		{AFE3707C-212D-4048-8AFC-0B63D092420B}.Debug|Any CPU.ActiveCfg = Debug|Any CPU
		{AFE3707C-212D-4048-8AFC-0B63D092420B}.Debug|Any CPU.Build.0 = Debug|Any CPU
		{AFE3707C-212D-4048-8AFC-0B63D092420B}.Release|Any CPU.ActiveCfg = Release|Any CPU
		{AFE3707C-212D-4048-8AFC-0B63D092420B}.Release|Any CPU.Build.0 = Release|Any CPU
	EndGlobalSection
	GlobalSection(SolutionProperties) = preSolution
		HideSolutionNode = FALSE
	EndGlobalSection
	GlobalSection(NestedProjects) = preSolution
		{D201D2F3-DCBC-452C-96E3-3B17D1312BEE} = {24C5B586-48F8-4E3F-A4DE-71F5D8FB442A}
		{60B56A3B-D963-4538-ACE8-456DF3A5977F} = {7E7C9614-9C68-4AA3-8640-E4DB549898A2}
		{12C4FC36-2581-4A37-B020-5723AAD5010F} = {633CC505-1555-41B3-A0FB-92B217E507A3}
		{725ECD7E-5E80-4A5B-99B0-2DEB109140AE} = {B565564D-EB90-4B53-810E-ADFA07896EA7}
		{A5E42B97-5198-4E95-B216-995E2C767C03} = {725ECD7E-5E80-4A5B-99B0-2DEB109140AE}
		{53A7484E-1CC2-448F-B242-E8718FDBB5A7} = {725ECD7E-5E80-4A5B-99B0-2DEB109140AE}
		{25E418E7-70B7-45B0-BA6D-497A3EC413F7} = {725ECD7E-5E80-4A5B-99B0-2DEB109140AE}
		{8AC30B10-FFFD-49AC-918F-F388662DF336} = {725ECD7E-5E80-4A5B-99B0-2DEB109140AE}
		{C75EF1D2-D6C2-4BEE-A1E0-E641FFC30C61} = {A5E42B97-5198-4E95-B216-995E2C767C03}
		{2407C9D0-E948-40F0-8202-1B7C2940FC5A} = {53A7484E-1CC2-448F-B242-E8718FDBB5A7}
		{5FE5505D-94FD-43F9-B701-787304C2F744} = {25E418E7-70B7-45B0-BA6D-497A3EC413F7}
		{AFE3707C-212D-4048-8AFC-0B63D092420B} = {8AC30B10-FFFD-49AC-918F-F388662DF336}
	EndGlobalSection
	GlobalSection(ExtensibilityGlobals) = postSolution
		SolutionGuid = {FB9C4291-2FBC-45C1-AD05-CBDD3ACCFB82}
	EndGlobalSection
EndGlobal
